<Solution>
  <Folder Name="/Tests/">
    <Project Path="test/HexEditor.Core.Tests/HexEditor.Core.Tests.csproj" Id="2767c24a-e54b-4855-9dcb-b9ff15018c98" />
  </Folder>
  <Project Path="src/HexEditor.Cli/HexEditor.Cli.csproj" />
  <Project Path="src/HexEditor.Composition/HexEditor.Composition.csproj" Id="d2cc99c3-395e-4b0d-b7f8-362cbc4c99a8" />
  <Project Path="src/HexEditor.Core/HexEditor.Core.csproj" Id="d40d49f4-f29d-485a-aa33-a2c7a372da01" />
  <Project Path="src/HexEditor.Formats/HexEditor.Formats.csproj" Id="c5bfe4c1-376b-41f8-aa1c-80d15cef2516" />
  <Project Path="src/HexEditor.Windows/HexEditor.Windows.csproj" Id="db7e551d-283e-475b-b15b-ba381687d491">
    <Platform Project="x64" />
    <Deploy />
  </Project>
  <Project Path="src/HexEditor.WinUI/HexEditor.WinUI.csproj" Id="6aeb635a-237a-4bf8-8801-4714542c6578" />
</Solution>
